
Microsoft Visual Studio Solution File, Format Version 12.00
# Visual Studio Version 17
VisualStudioVersion = 17.5.2.0
MinimumVisualStudioVersion = 10.0.40219.1
Project("{2150E333-8FDC-42A3-9474-1A3956D46DE8}") = "backend", "backend", "{1AE8ACA6-933B-BF2A-3671-3E2EAC007D16}"
EndProject
Project("{2150E333-8FDC-42A3-9474-1A3956D46DE8}") = "frontend", "frontend", "{CE609670-85B9-0D16-FB54-ED063D5D8A6D}"
EndProject
Project("{FAE04EC0-301F-11D3-BF4B-00C04F79EFBC}") = "Valora.Api", "backend\Valora.Api\Valora.Api.csproj", "{0030BA09-C5F6-A6BC-67FA-83AB3BEF4E03}"
EndProject
Project("{2150E333-8FDC-42A3-9474-1A3956D46DE8}") = "Valora", "Valora", "{8DA85DD5-0623-5F76-B0DB-A100CACC65C8}"
EndProject
Project("{2150E333-8FDC-42A3-9474-1A3956D46DE8}") = "tools", "tools", "{3D491755-CB14-064C-1A9C-570374E9E088}"
EndProject
Project("{FAE04EC0-301F-11D3-BF4B-00C04F79EFBC}") = "SeedMongoData", "frontend\Valora\tools\SeedMongoData\SeedMongoData.csproj", "{5DE562CF-2A34-DF43-A5CE-6C191E0CE257}"
EndProject
Project("{FAE04EC0-301F-11D3-BF4B-00C04F79EFBC}") = "SeedValoraData", "frontend\Valora\tools\SeedValoraData\SeedValoraData.csproj", "{6559A7E5-E3AB-764F-9583-970D91447A31}"
EndProject
Project("{FAE04EC0-301F-11D3-BF4B-00C04F79EFBC}") = "TestKafkaConnection", "frontend\Valora\tools\TestKafkaConnection\TestKafkaConnection.csproj", "{84126DB9-6865-CEDB-BF33-D76A8CAA1F1A}"
EndProject
Project("{FAE04EC0-301F-11D3-BF4B-00C04F79EFBC}") = "TestMongoConnection", "frontend\Valora\tools\TestMongoConnection\TestMongoConnection.csproj", "{7D7D2CCC-031B-19FF-A9D2-CF2027EF9399}"
EndProject
Project("{FAE04EC0-301F-11D3-BF4B-00C04F79EFBC}") = "TestSupabaseConnection", "frontend\Valora\tools\TestSupabaseConnection\TestSupabaseConnection.csproj", "{171E76CB-FCF1-AFE6-85B6-BDD4498CD097}"
EndProject
Global
	GlobalSection(SolutionConfigurationPlatforms) = preSolution
		Debug|Any CPU = Debug|Any CPU
		Debug|x64 = Debug|x64
		Debug|x86 = Debug|x86
		Release|Any CPU = Release|Any CPU
		Release|x64 = Release|x64
		Release|x86 = Release|x86
	EndGlobalSection
	GlobalSection(ProjectConfigurationPlatforms) = postSolution
		{0030BA09-C5F6-A6BC-67FA-83AB3BEF4E03}.Debug|Any CPU.ActiveCfg = Debug|Any CPU
		{0030BA09-C5F6-A6BC-67FA-83AB3BEF4E03}.Debug|Any CPU.Build.0 = Debug|Any CPU
		{0030BA09-C5F6-A6BC-67FA-83AB3BEF4E03}.Debug|x64.ActiveCfg = Debug|Any CPU
		{0030BA09-C5F6-A6BC-67FA-83AB3BEF4E03}.Debug|x64.Build.0 = Debug|Any CPU
		{0030BA09-C5F6-A6BC-67FA-83AB3BEF4E03}.Debug|x86.ActiveCfg = Debug|Any CPU
		{0030BA09-C5F6-A6BC-67FA-83AB3BEF4E03}.Debug|x86.Build.0 = Debug|Any CPU
		{0030BA09-C5F6-A6BC-67FA-83AB3BEF4E03}.Release|Any CPU.ActiveCfg = Release|Any CPU
		{0030BA09-C5F6-A6BC-67FA-83AB3BEF4E03}.Release|Any CPU.Build.0 = Release|Any CPU
		{0030BA09-C5F6-A6BC-67FA-83AB3BEF4E03}.Release|x64.ActiveCfg = Release|Any CPU
		{0030BA09-C5F6-A6BC-67FA-83AB3BEF4E03}.Release|x64.Build.0 = Release|Any CPU
		{0030BA09-C5F6-A6BC-67FA-83AB3BEF4E03}.Release|x86.ActiveCfg = Release|Any CPU
		{0030BA09-C5F6-A6BC-67FA-83AB3BEF4E03}.Release|x86.Build.0 = Release|Any CPU
		{5DE562CF-2A34-DF43-A5CE-6C191E0CE257}.Debug|Any CPU.ActiveCfg = Debug|Any CPU
		{5DE562CF-2A34-DF43-A5CE-6C191E0CE257}.Debug|Any CPU.Build.0 = Debug|Any CPU
		{5DE562CF-2A34-DF43-A5CE-6C191E0CE257}.Debug|x64.ActiveCfg = Debug|Any CPU
		{5DE562CF-2A34-DF43-A5CE-6C191E0CE257}.Debug|x64.Build.0 = Debug|Any CPU
		{5DE562CF-2A34-DF43-A5CE-6C191E0CE257}.Debug|x86.ActiveCfg = Debug|Any CPU
		{5DE562CF-2A34-DF43-A5CE-6C191E0CE257}.Debug|x86.Build.0 = Debug|Any CPU
		{5DE562CF-2A34-DF43-A5CE-6C191E0CE257}.Release|Any CPU.ActiveCfg = Release|Any CPU
		{5DE562CF-2A34-DF43-A5CE-6C191E0CE257}.Release|Any CPU.Build.0 = Release|Any CPU
		{5DE562CF-2A34-DF43-A5CE-6C191E0CE257}.Release|x64.ActiveCfg = Release|Any CPU
		{5DE562CF-2A34-DF43-A5CE-6C191E0CE257}.Release|x64.Build.0 = Release|Any CPU
		{5DE562CF-2A34-DF43-A5CE-6C191E0CE257}.Release|x86.ActiveCfg = Release|Any CPU
		{5DE562CF-2A34-DF43-A5CE-6C191E0CE257}.Release|x86.Build.0 = Release|Any CPU
		{6559A7E5-E3AB-764F-9583-970D91447A31}.Debug|Any CPU.ActiveCfg = Debug|Any CPU
		{6559A7E5-E3AB-764F-9583-970D91447A31}.Debug|Any CPU.Build.0 = Debug|Any CPU
		{6559A7E5-E3AB-764F-9583-970D91447A31}.Debug|x64.ActiveCfg = Debug|Any CPU
		{6559A7E5-E3AB-764F-9583-970D91447A31}.Debug|x64.Build.0 = Debug|Any CPU
		{6559A7E5-E3AB-764F-9583-970D91447A31}.Debug|x86.ActiveCfg = Debug|Any CPU
		{6559A7E5-E3AB-764F-9583-970D91447A31}.Debug|x86.Build.0 = Debug|Any CPU
		{6559A7E5-E3AB-764F-9583-970D91447A31}.Release|Any CPU.ActiveCfg = Release|Any CPU
		{6559A7E5-E3AB-764F-9583-970D91447A31}.Release|Any CPU.Build.0 = Release|Any CPU
		{6559A7E5-E3AB-764F-9583-970D91447A31}.Release|x64.ActiveCfg = Release|Any CPU
		{6559A7E5-E3AB-764F-9583-970D91447A31}.Release|x64.Build.0 = Release|Any CPU
		{6559A7E5-E3AB-764F-9583-970D91447A31}.Release|x86.ActiveCfg = Release|Any CPU
		{6559A7E5-E3AB-764F-9583-970D91447A31}.Release|x86.Build.0 = Release|Any CPU
		{84126DB9-6865-CEDB-BF33-D76A8CAA1F1A}.Debug|Any CPU.ActiveCfg = Debug|Any CPU
		{84126DB9-6865-CEDB-BF33-D76A8CAA1F1A}.Debug|Any CPU.Build.0 = Debug|Any CPU
		{84126DB9-6865-CEDB-BF33-D76A8CAA1F1A}.Debug|x64.ActiveCfg = Debug|Any CPU
		{84126DB9-6865-CEDB-BF33-D76A8CAA1F1A}.Debug|x64.Build.0 = Debug|Any CPU
		{84126DB9-6865-CEDB-BF33-D76A8CAA1F1A}.Debug|x86.ActiveCfg = Debug|Any CPU
		{84126DB9-6865-CEDB-BF33-D76A8CAA1F1A}.Debug|x86.Build.0 = Debug|Any CPU
		{84126DB9-6865-CEDB-BF33-D76A8CAA1F1A}.Release|Any CPU.ActiveCfg = Release|Any CPU
		{84126DB9-6865-CEDB-BF33-D76A8CAA1F1A}.Release|Any CPU.Build.0 = Release|Any CPU
		{84126DB9-6865-CEDB-BF33-D76A8CAA1F1A}.Release|x64.ActiveCfg = Release|Any CPU
		{84126DB9-6865-CEDB-BF33-D76A8CAA1F1A}.Release|x64.Build.0 = Release|Any CPU
		{84126DB9-6865-CEDB-BF33-D76A8CAA1F1A}.Release|x86.ActiveCfg = Release|Any CPU
		{84126DB9-6865-CEDB-BF33-D76A8CAA1F1A}.Release|x86.Build.0 = Release|Any CPU
		{7D7D2CCC-031B-19FF-A9D2-CF2027EF9399}.Debug|Any CPU.ActiveCfg = Debug|Any CPU
		{7D7D2CCC-031B-19FF-A9D2-CF2027EF9399}.Debug|Any CPU.Build.0 = Debug|Any CPU
		{7D7D2CCC-031B-19FF-A9D2-CF2027EF9399}.Debug|x64.ActiveCfg = Debug|Any CPU
		{7D7D2CCC-031B-19FF-A9D2-CF2027EF9399}.Debug|x64.Build.0 = Debug|Any CPU
		{7D7D2CCC-031B-19FF-A9D2-CF2027EF9399}.Debug|x86.ActiveCfg = Debug|Any CPU
		{7D7D2CCC-031B-19FF-A9D2-CF2027EF9399}.Debug|x86.Build.0 = Debug|Any CPU
		{7D7D2CCC-031B-19FF-A9D2-CF2027EF9399}.Release|Any CPU.ActiveCfg = Release|Any CPU
		{7D7D2CCC-031B-19FF-A9D2-CF2027EF9399}.Release|Any CPU.Build.0 = Release|Any CPU
		{7D7D2CCC-031B-19FF-A9D2-CF2027EF9399}.Release|x64.ActiveCfg = Release|Any CPU
		{7D7D2CCC-031B-19FF-A9D2-CF2027EF9399}.Release|x64.Build.0 = Release|Any CPU
		{7D7D2CCC-031B-19FF-A9D2-CF2027EF9399}.Release|x86.ActiveCfg = Release|Any CPU
		{7D7D2CCC-031B-19FF-A9D2-CF2027EF9399}.Release|x86.Build.0 = Release|Any CPU
		{171E76CB-FCF1-AFE6-85B6-BDD4498CD097}.Debug|Any CPU.ActiveCfg = Debug|Any CPU
		{171E76CB-FCF1-AFE6-85B6-BDD4498CD097}.Debug|Any CPU.Build.0 = Debug|Any CPU
		{171E76CB-FCF1-AFE6-85B6-BDD4498CD097}.Debug|x64.ActiveCfg = Debug|Any CPU
		{171E76CB-FCF1-AFE6-85B6-BDD4498CD097}.Debug|x64.Build.0 = Debug|Any CPU
		{171E76CB-FCF1-AFE6-85B6-BDD4498CD097}.Debug|x86.ActiveCfg = Debug|Any CPU
		{171E76CB-FCF1-AFE6-85B6-BDD4498CD097}.Debug|x86.Build.0 = Debug|Any CPU
		{171E76CB-FCF1-AFE6-85B6-BDD4498CD097}.Release|Any CPU.ActiveCfg = Release|Any CPU
		{171E76CB-FCF1-AFE6-85B6-BDD4498CD097}.Release|Any CPU.Build.0 = Release|Any CPU
		{171E76CB-FCF1-AFE6-85B6-BDD4498CD097}.Release|x64.ActiveCfg = Release|Any CPU
		{171E76CB-FCF1-AFE6-85B6-BDD4498CD097}.Release|x64.Build.0 = Release|Any CPU
		{171E76CB-FCF1-AFE6-85B6-BDD4498CD097}.Release|x86.ActiveCfg = Release|Any CPU
		{171E76CB-FCF1-AFE6-85B6-BDD4498CD097}.Release|x86.Build.0 = Release|Any CPU
	EndGlobalSection
	GlobalSection(SolutionProperties) = preSolution
		HideSolutionNode = FALSE
	EndGlobalSection
	GlobalSection(NestedProjects) = preSolution
		{0030BA09-C5F6-A6BC-67FA-83AB3BEF4E03} = {1AE8ACA6-933B-BF2A-3671-3E2EAC007D16}
		{8DA85DD5-0623-5F76-B0DB-A100CACC65C8} = {CE609670-85B9-0D16-FB54-ED063D5D8A6D}
		{3D491755-CB14-064C-1A9C-570374E9E088} = {8DA85DD5-0623-5F76-B0DB-A100CACC65C8}
		{5DE562CF-2A34-DF43-A5CE-6C191E0CE257} = {3D491755-CB14-064C-1A9C-570374E9E088}
		{6559A7E5-E3AB-764F-9583-970D91447A31} = {3D491755-CB14-064C-1A9C-570374E9E088}
		{84126DB9-6865-CEDB-BF33-D76A8CAA1F1A} = {3D491755-CB14-064C-1A9C-570374E9E088}
		{7D7D2CCC-031B-19FF-A9D2-CF2027EF9399} = {3D491755-CB14-064C-1A9C-570374E9E088}
		{171E76CB-FCF1-AFE6-85B6-BDD4498CD097} = {3D491755-CB14-064C-1A9C-570374E9E088}
	EndGlobalSection
	GlobalSection(ExtensibilityGlobals) = postSolution
		SolutionGuid = {DA02A537-858B-4748-87CB-90822F0D81FA}
	EndGlobalSection
EndGlobal
